// !$*UTF8*$!
{
	archiveVersion = 1;
	classes = {
	};
	objectVersion = 56;
	objects = {

/* Begin PBXBuildFile section */
		8F7CD8052C7019C200BD7410 /* NorteGoApp.swift in Sources */ = {isa = PBXBuildFile; fileRef = 8F7CD8042C7019C200BD7410 /* NorteGoApp.swift */; };
		8F7CD8072C7019C200BD7410 /* ContentView.swift in Sources */ = {isa = PBXBuildFile; fileRef = 8F7CD8062C7019C200BD7410 /* ContentView.swift */; };
		8F7CD8092C7019C300BD7410 /* Assets.xcassets in Resources */ = {isa = PBXBuildFile; fileRef = 8F7CD8082C7019C300BD7410 /* Assets.xcassets */; };
		8F7CD80C2C7019C300BD7410 /* Preview Assets.xcassets in Resources */ = {isa = PBXBuildFile; fileRef = 8F7CD80B2C7019C300BD7410 /* Preview Assets.xcassets */; };
		8F7CD8162C7019C400BD7410 /* NorteGoTests.swift in Sources */ = {isa = PBXBuildFile; fileRef = 8F7CD8152C7019C400BD7410 /* NorteGoTests.swift */; };
		8F7CD8202C7019C400BD7410 /* NorteGoUITests.swift in Sources */ = {isa = PBXBuildFile; fileRef = 8F7CD81F2C7019C400BD7410 /* NorteGoUITests.swift */; };
		8F7CD8222C7019C400BD7410 /* NorteGoUITestsLaunchTests.swift in Sources */ = {isa = PBXBuildFile; fileRef = 8F7CD8212C7019C400BD7410 /* NorteGoUITestsLaunchTests.swift */; };
/* End PBXBuildFile section */

/* Begin PBXContainerItemProxy section */
		8F7CD8122C7019C400BD7410 /* PBXContainerItemProxy */ = {
			isa = PBXContainerItemProxy;
			containerPortal = 8F7CD7F92C7019C100BD7410 /* Project object */;
			proxyType = 1;
			remoteGlobalIDString = 8F7CD8002C7019C200BD7410;
			remoteInfo = NorteGo;
		};
		8F7CD81C2C7019C400BD7410 /* PBXContainerItemProxy */ = {
			isa = PBXContainerItemProxy;
			containerPortal = 8F7CD7F92C7019C100BD7410 /* Project object */;
			proxyType = 1;
			remoteGlobalIDString = 8F7CD8002C7019C200BD7410;
			remoteInfo = NorteGo;
		};
/* End PBXContainerItemProxy section */

/* Begin PBXFileReference section */
		8F7CD8012C7019C200BD7410 /* NorteGo.app */ = {isa = PBXFileReference; explicitFileType = wrapper.application; includeInIndex = 0; path = NorteGo.app; sourceTree = BUILT_PRODUCTS_DIR; };
		8F7CD8042C7019C200BD7410 /* NorteGoApp.swift */ = {isa = PBXFileReference; lastKnownFileType = sourcecode.swift; path = NorteGoApp.swift; sourceTree = "<group>"; };
		8F7CD8062C7019C200BD7410 /* ContentView.swift */ = {isa = PBXFileReference; lastKnownFileType = sourcecode.swift; path = ContentView.swift; sourceTree = "<group>"; };
		8F7CD8082C7019C300BD7410 /* Assets.xcassets */ = {isa = PBXFileReference; lastKnownFileType = folder.assetcatalog; path = Assets.xcassets; sourceTree = "<group>"; };
		8F7CD80B2C7019C300BD7410 /* Preview Assets.xcassets */ = {isa = PBXFileReference; lastKnownFileType = folder.assetcatalog; path = "Preview Assets.xcassets"; sourceTree = "<group>"; };
		8F7CD8112C7019C400BD7410 /* NorteGoTests.xctest */ = {isa = PBXFileReference; explicitFileType = wrapper.cfbundle; includeInIndex = 0; path = NorteGoTests.xctest; sourceTree = BUILT_PRODUCTS_DIR; };
		8F7CD8152C7019C400BD7410 /* NorteGoTests.swift */ = {isa = PBXFileReference; lastKnownFileType = sourcecode.swift; path = NorteGoTests.swift; sourceTree = "<group>"; };
		8F7CD81B2C7019C400BD7410 /* NorteGoUITests.xctest */ = {isa = PBXFileReference; explicitFileType = wrapper.cfbundle; includeInIndex = 0; path = NorteGoUITests.xctest; sourceTree = BUILT_PRODUCTS_DIR; };
		8F7CD81F2C7019C400BD7410 /* NorteGoUITests.swift */ = {isa = PBXFileReference; lastKnownFileType = sourcecode.swift; path = NorteGoUITests.swift; sourceTree = "<group>"; };
		8F7CD8212C7019C400BD7410 /* NorteGoUITestsLaunchTests.swift */ = {isa = PBXFileReference; lastKnownFileType = sourcecode.swift; path = NorteGoUITestsLaunchTests.swift; sourceTree = "<group>"; };
/* End PBXFileReference section */

/* Begin PBXFrameworksBuildPhase section */
		8F7CD7FE2C7019C200BD7410 /* Frameworks */ = {
			isa = PBXFrameworksBuildPhase;
			buildActionMask = 2147483647;
			files = (
			);
			runOnlyForDeploymentPostprocessing = 0;
		};
		8F7CD80E2C7019C400BD7410 /* Frameworks */ = {
			isa = PBXFrameworksBuildPhase;
			buildActionMask = 2147483647;
			files = (
			);
			runOnlyForDeploymentPostprocessing = 0;
		};
		8F7CD8182C7019C400BD7410 /* Frameworks */ = {
			isa = PBXFrameworksBuildPhase;
			buildActionMask = 2147483647;
			files = (
			);
			runOnlyForDeploymentPostprocessing = 0;
		};
/* End PBXFrameworksBuildPhase section */

/* Begin PBXGroup section */
		8F7CD7F82C7019C100BD7410 = {
			isa = PBXGroup;
			children = (
				8F7CD8032C7019C200BD7410 /* NorteGo */,
				8F7CD8142C7019C400BD7410 /* NorteGoTests */,
				8F7CD81E2C7019C400BD7410 /* NorteGoUITests */,
				8F7CD8022C7019C200BD7410 /* Products */,
			);
			sourceTree = "<group>";
		};
		8F7CD8022C7019C200BD7410 /* Products */ = {
			isa = PBXGroup;
			children = (
				8F7CD8012C7019C200BD7410 /* NorteGo.app */,
				8F7CD8112C7019C400BD7410 /* NorteGoTests.xctest */,
				8F7CD81B2C7019C400BD7410 /* NorteGoUITests.xctest */,
			);
			name = Products;
			sourceTree = "<group>";
		};
		8F7CD8032C7019C200BD7410 /* NorteGo */ = {
			isa = PBXGroup;
			children = (
				8F7CD8042C7019C200BD7410 /* NorteGoApp.swift */,
				8F7CD8062C7019C200BD7410 /* ContentView.swift */,
				8F7CD8082C7019C300BD7410 /* Assets.xcassets */,
				8F7CD80A2C7019C300BD7410 /* Preview Content */,
			);
			path = NorteGo;
			sourceTree = "<group>";
		};
		8F7CD80A2C7019C300BD7410 /* Preview Content */ = {
			isa = PBXGroup;
			children = (
				8F7CD80B2C7019C300BD7410 /* Preview Assets.xcassets */,
			);
			path = "Preview Content";
			sourceTree = "<group>";
		};
		8F7CD8142C7019C400BD7410 /* NorteGoTests */ = {
			isa = PBXGroup;
			children = (
				8F7CD8152C7019C400BD7410 /* NorteGoTests.swift */,
			);
			path = NorteGoTests;
			sourceTree = "<group>";
		};
		8F7CD81E2C7019C400BD7410 /* NorteGoUITests */ = {
			isa = PBXGroup;
			children = (
				8F7CD81F2C7019C400BD7410 /* NorteGoUITests.swift */,
				8F7CD8212C7019C400BD7410 /* NorteGoUITestsLaunchTests.swift */,
			);
			path = NorteGoUITests;
			sourceTree = "<group>";
		};
/* End PBXGroup section */

/* Begin PBXNativeTarget section */
		8F7CD8002C7019C200BD7410 /* NorteGo */ = {
			isa = PBXNativeTarget;
			buildConfigurationList = 8F7CD8252C7019C400BD7410 /* Build configuration list for PBXNativeTarget "NorteGo" */;
			buildPhases = (
				8F7CD7FD2C7019C200BD7410 /* Sources */,
				8F7CD7FE2C7019C200BD7410 /* Frameworks */,
				8F7CD7FF2C7019C200BD7410 /* Resources */,
			);
			buildRules = (
			);
			dependencies = (
			);
			name = NorteGo;
			productName = NorteGo;
			productReference = 8F7CD8012C7019C200BD7410 /* NorteGo.app */;
			productType = "com.apple.product-type.application";
		};
		8F7CD8102C7019C400BD7410 /* NorteGoTests */ = {
			isa = PBXNativeTarget;
			buildConfigurationList = 8F7CD8282C7019C400BD7410 /* Build configuration list for PBXNativeTarget "NorteGoTests" */;
			buildPhases = (
				8F7CD80D2C7019C400BD7410 /* Sources */,
				8F7CD80E2C7019C400BD7410 /* Frameworks */,
				8F7CD80F2C7019C400BD7410 /* Resources */,
			);
			buildRules = (
			);
			dependencies = (
				8F7CD8132C7019C400BD7410 /* PBXTargetDependency */,
			);
			name = NorteGoTests;
			productName = NorteGoTests;
			productReference = 8F7CD8112C7019C400BD7410 /* NorteGoTests.xctest */;
			productType = "com.apple.product-type.bundle.unit-test";
		};
		8F7CD81A2C7019C400BD7410 /* NorteGoUITests */ = {
			isa = PBXNativeTarget;
			buildConfigurationList = 8F7CD82B2C7019C400BD7410 /* Build configuration list for PBXNativeTarget "NorteGoUITests" */;
			buildPhases = (
				8F7CD8172C7019C400BD7410 /* Sources */,
				8F7CD8182C7019C400BD7410 /* Frameworks */,
				8F7CD8192C7019C400BD7410 /* Resources */,
			);
			buildRules = (
			);
			dependencies = (
				8F7CD81D2C7019C400BD7410 /* PBXTargetDependency */,
			);
			name = NorteGoUITests;
			productName = NorteGoUITests;
			productReference = 8F7CD81B2C7019C400BD7410 /* NorteGoUITests.xctest */;
			productType = "com.apple.product-type.bundle.ui-testing";
		};
/* End PBXNativeTarget section */

/* Begin PBXProject section */
		8F7CD7F92C7019C100BD7410 /* Project object */ = {
			isa = PBXProject;
			attributes = {
				BuildIndependentTargetsInParallel = 1;
				LastSwiftUpdateCheck = 1530;
				LastUpgradeCheck = 1530;
				TargetAttributes = {
					8F7CD8002C7019C200BD7410 = {
						CreatedOnToolsVersion = 15.3;
					};
					8F7CD8102C7019C400BD7410 = {
						CreatedOnToolsVersion = 15.3;
						TestTargetID = 8F7CD8002C7019C200BD7410;
					};
					8F7CD81A2C7019C400BD7410 = {
						CreatedOnToolsVersion = 15.3;
						TestTargetID = 8F7CD8002C7019C200BD7410;
					};
				};
			};
			buildConfigurationList = 8F7CD7FC2C7019C100BD7410 /* Build configuration list for PBXProject "NorteGo" */;
			compatibilityVersion = "Xcode 14.0";
			developmentRegion = en;
			hasScannedForEncodings = 0;
			knownRegions = (
				en,
				Base,
			);
			mainGroup = 8F7CD7F82C7019C100BD7410;
			productRefGroup = 8F7CD8022C7019C200BD7410 /* Products */;
			projectDirPath = "";
			projectRoot = "";
			targets = (
				8F7CD8002C7019C200BD7410 /* NorteGo */,
				8F7CD8102C7019C400BD7410 /* NorteGoTests */,
				8F7CD81A2C7019C400BD7410 /* NorteGoUITests */,
			);
		};
/* End PBXProject section */

/* Begin PBXResourcesBuildPhase section */
		8F7CD7FF2C7019C200BD7410 /* Resources */ = {
			isa = PBXResourcesBuildPhase;
			buildActionMask = 2147483647;
			files = (
				8F7CD80C2C7019C300BD7410 /* Preview Assets.xcassets in Resources */,
				8F7CD8092C7019C300BD7410 /* Assets.xcassets in Resources */,
			);
			runOnlyForDeploymentPostprocessing = 0;
		};
		8F7CD80F2C7019C400BD7410 /* Resources */ = {
			isa = PBXResourcesBuildPhase;
			buildActionMask = 2147483647;
			files = (
			);
			runOnlyForDeploymentPostprocessing = 0;
		};
		8F7CD8192C7019C400BD7410 /* Resources */ = {
			isa = PBXResourcesBuildPhase;
			buildActionMask = 2147483647;
			files = (
			);
			runOnlyForDeploymentPostprocessing = 0;
		};
/* End PBXResourcesBuildPhase section */

/* Begin PBXSourcesBuildPhase section */
		8F7CD7FD2C7019C200BD7410 /* Sources */ = {
			isa = PBXSourcesBuildPhase;
			buildActionMask = 2147483647;
			files = (
				8F7CD8072C7019C200BD7410 /* ContentView.swift in Sources */,
				8F7CD8052C7019C200BD7410 /* NorteGoApp.swift in Sources */,
			);
			runOnlyForDeploymentPostprocessing = 0;
		};
		8F7CD80D2C7019C400BD7410 /* Sources */ = {
			isa = PBXSourcesBuildPhase;
			buildActionMask = 2147483647;
			files = (
				8F7CD8162C7019C400BD7410 /* NorteGoTests.swift in Sources */,
			);
			runOnlyForDeploymentPostprocessing = 0;
		};
		8F7CD8172C7019C400BD7410 /* Sources */ = {
			isa = PBXSourcesBuildPhase;
			buildActionMask = 2147483647;
			files = (
				8F7CD8202C7019C400BD7410 /* NorteGoUITests.swift in Sources */,
				8F7CD8222C7019C400BD7410 /* NorteGoUITestsLaunchTests.swift in Sources */,
			);
			runOnlyForDeploymentPostprocessing = 0;
		};
/* End PBXSourcesBuildPhase section */

/* Begin PBXTargetDependency section */
		8F7CD8132C7019C400BD7410 /* PBXTargetDependency */ = {
			isa = PBXTargetDependency;
			target = 8F7CD8002C7019C200BD7410 /* NorteGo */;
			targetProxy = 8F7CD8122C7019C400BD7410 /* PBXContainerItemProxy */;
		};
		8F7CD81D2C7019C400BD7410 /* PBXTargetDependency */ = {
			isa = PBXTargetDependency;
			target = 8F7CD8002C7019C200BD7410 /* NorteGo */;
			targetProxy = 8F7CD81C2C7019C400BD7410 /* PBXContainerItemProxy */;
		};
/* End PBXTargetDependency section */

/* Begin XCBuildConfiguration section */
		8F7CD8232C7019C400BD7410 /* Debug */ = {
			isa = XCBuildConfiguration;
			buildSettings = {
				ALWAYS_SEARCH_USER_PATHS = NO;
				ASSETCATALOG_COMPILER_GENERATE_SWIFT_ASSET_SYMBOL_EXTENSIONS = YES;
				CLANG_ANALYZER_NONNULL = YES;
				CLANG_ANALYZER_NUMBER_OBJECT_CONVERSION = YES_AGGRESSIVE;
				CLANG_CXX_LANGUAGE_STANDARD = "gnu++20";
				CLANG_ENABLE_MODULES = YES;
				CLANG_ENABLE_OBJC_ARC = YES;
				CLANG_ENABLE_OBJC_WEAK = YES;
				CLANG_WARN_BLOCK_CAPTURE_AUTORELEASING = YES;
				CLANG_WARN_BOOL_CONVERSION = YES;
				CLANG_WARN_COMMA = YES;
				CLANG_WARN_CONSTANT_CONVERSION = YES;
				CLANG_WARN_DEPRECATED_OBJC_IMPLEMENTATIONS = YES;
				CLANG_WARN_DIRECT_OBJC_ISA_USAGE = YES_ERROR;
				CLANG_WARN_DOCUMENTATION_COMMENTS = YES;
				CLANG_WARN_EMPTY_BODY = YES;
				CLANG_WARN_ENUM_CONVERSION = YES;
				CLANG_WARN_INFINITE_RECURSION = YES;
				CLANG_WARN_INT_CONVERSION = YES;
				CLANG_WARN_NON_LITERAL_NULL_CONVERSION = YES;
				CLANG_WARN_OBJC_IMPLICIT_RETAIN_SELF = YES;
				CLANG_WARN_OBJC_LITERAL_CONVERSION = YES;
				CLANG_WARN_OBJC_ROOT_CLASS = YES_ERROR;
				CLANG_WARN_QUOTED_INCLUDE_IN_FRAMEWORK_HEADER = YES;
				CLANG_WARN_RANGE_LOOP_ANALYSIS = YES;
				CLANG_WARN_STRICT_PROTOTYPES = YES;
				CLANG_WARN_SUSPICIOUS_MOVE = YES;
				CLANG_WARN_UNGUARDED_AVAILABILITY = YES_AGGRESSIVE;
				CLANG_WARN_UNREACHABLE_CODE = YES;
				CLANG_WARN__DUPLICATE_METHOD_MATCH = YES;
				COPY_PHASE_STRIP = NO;
				DEBUG_INFORMATION_FORMAT = dwarf;
				ENABLE_STRICT_OBJC_MSGSEND = YES;
				ENABLE_TESTABILITY = YES;
				ENABLE_USER_SCRIPT_SANDBOXING = YES;
				GCC_C_LANGUAGE_STANDARD = gnu17;
				GCC_DYNAMIC_NO_PIC = NO;
				GCC_NO_COMMON_BLOCKS = YES;
				GCC_OPTIMIZATION_LEVEL = 0;
				GCC_PREPROCESSOR_DEFINITIONS = (
					"DEBUG=1",
					"$(inherited)",
				);
				GCC_WARN_64_TO_32_BIT_CONVERSION = YES;
				GCC_WARN_ABOUT_RETURN_TYPE = YES_ERROR;
				GCC_WARN_UNDECLARED_SELECTOR = YES;
				GCC_WARN_UNINITIALIZED_AUTOS = YES_AGGRESSIVE;
				GCC_WARN_UNUSED_FUNCTION = YES;
				GCC_WARN_UNUSED_VARIABLE = YES;
				IPHONEOS_DEPLOYMENT_TARGET = 17.4;
				LOCALIZATION_PREFERS_STRING_CATALOGS = YES;
				MTL_ENABLE_DEBUG_INFO = INCLUDE_SOURCE;
				MTL_FAST_MATH = YES;
				ONLY_ACTIVE_ARCH = YES;
				SDKROOT = iphoneos;
				SWIFT_ACTIVE_COMPILATION_CONDITIONS = "DEBUG $(inherited)";
				SWIFT_OPTIMIZATION_LEVEL = "-Onone";
			};
			name = Debug;
		};
		8F7CD8242C7019C400BD7410 /* Release */ = {
			isa = XCBuildConfiguration;
			buildSettings = {
				ALWAYS_SEARCH_USER_PATHS = NO;
				ASSETCATALOG_COMPILER_GENERATE_SWIFT_ASSET_SYMBOL_EXTENSIONS = YES;
				CLANG_ANALYZER_NONNULL = YES;
				CLANG_ANALYZER_NUMBER_OBJECT_CONVERSION = YES_AGGRESSIVE;
				CLANG_CXX_LANGUAGE_STANDARD = "gnu++20";
				CLANG_ENABLE_MODULES = YES;
				CLANG_ENABLE_OBJC_ARC = YES;
				CLANG_ENABLE_OBJC_WEAK = YES;
				CLANG_WARN_BLOCK_CAPTURE_AUTORELEASING = YES;
				CLANG_WARN_BOOL_CONVERSION = YES;
				CLANG_WARN_COMMA = YES;
				CLANG_WARN_CONSTANT_CONVERSION = YES;
				CLANG_WARN_DEPRECATED_OBJC_IMPLEMENTATIONS = YES;
				CLANG_WARN_DIRECT_OBJC_ISA_USAGE = YES_ERROR;
				CLANG_WARN_DOCUMENTATION_COMMENTS = YES;
				CLANG_WARN_EMPTY_BODY = YES;
				CLANG_WARN_ENUM_CONVERSION = YES;
				CLANG_WARN_INFINITE_RECURSION = YES;
				CLANG_WARN_INT_CONVERSION = YES;
				CLANG_WARN_NON_LITERAL_NULL_CONVERSION = YES;
				CLANG_WARN_OBJC_IMPLICIT_RETAIN_SELF = YES;
				CLANG_WARN_OBJC_LITERAL_CONVERSION = YES;
				CLANG_WARN_OBJC_ROOT_CLASS = YES_ERROR;
				CLANG_WARN_QUOTED_INCLUDE_IN_FRAMEWORK_HEADER = YES;
				CLANG_WARN_RANGE_LOOP_ANALYSIS = YES;
				CLANG_WARN_STRICT_PROTOTYPES = YES;
				CLANG_WARN_SUSPICIOUS_MOVE = YES;
				CLANG_WARN_UNGUARDED_AVAILABILITY = YES_AGGRESSIVE;
				CLANG_WARN_UNREACHABLE_CODE = YES;
				CLANG_WARN__DUPLICATE_METHOD_MATCH = YES;
				COPY_PHASE_STRIP = NO;
				DEBUG_INFORMATION_FORMAT = "dwarf-with-dsym";
				ENABLE_NS_ASSERTIONS = NO;
				ENABLE_STRICT_OBJC_MSGSEND = YES;
				ENABLE_USER_SCRIPT_SANDBOXING = YES;
				GCC_C_LANGUAGE_STANDARD = gnu17;
				GCC_NO_COMMON_BLOCKS = YES;
				GCC_WARN_64_TO_32_BIT_CONVERSION = YES;
				GCC_WARN_ABOUT_RETURN_TYPE = YES_ERROR;
				GCC_WARN_UNDECLARED_SELECTOR = YES;
				GCC_WARN_UNINITIALIZED_AUTOS = YES_AGGRESSIVE;
				GCC_WARN_UNUSED_FUNCTION = YES;
				GCC_WARN_UNUSED_VARIABLE = YES;
				IPHONEOS_DEPLOYMENT_TARGET = 17.4;
				LOCALIZATION_PREFERS_STRING_CATALOGS = YES;
				MTL_ENABLE_DEBUG_INFO = NO;
				MTL_FAST_MATH = YES;
				SDKROOT = iphoneos;
				SWIFT_COMPILATION_MODE = wholemodule;
				VALIDATE_PRODUCT = YES;
			};
			name = Release;
		};
		8F7CD8262C7019C400BD7410 /* Debug */ = {
			isa = XCBuildConfiguration;
			buildSettings = {
				ASSETCATALOG_COMPILER_APPICON_NAME = AppIcon;
				ASSETCATALOG_COMPILER_GLOBAL_ACCENT_COLOR_NAME = AccentColor;
				CODE_SIGN_STYLE = Automatic;
				CURRENT_PROJECT_VERSION = 1;
				DEVELOPMENT_ASSET_PATHS = "\"NorteGo/Preview Content\"";
				DEVELOPMENT_TEAM = 42VSDQG6FV;
				ENABLE_PREVIEWS = YES;
				GENERATE_INFOPLIST_FILE = YES;
				INFOPLIST_KEY_UIApplicationSceneManifest_Generation = YES;
				INFOPLIST_KEY_UIApplicationSupportsIndirectInputEvents = YES;
				INFOPLIST_KEY_UILaunchScreen_Generation = YES;
				INFOPLIST_KEY_UISupportedInterfaceOrientations_iPad = "UIInterfaceOrientationPortrait UIInterfaceOrientationPortraitUpsideDown UIInterfaceOrientationLandscapeLeft UIInterfaceOrientationLandscapeRight";
				INFOPLIST_KEY_UISupportedInterfaceOrientations_iPhone = "UIInterfaceOrientationPortrait UIInterfaceOrientationLandscapeLeft UIInterfaceOrientationLandscapeRight";
				LD_RUNPATH_SEARCH_PATHS = (
					"$(inherited)",
					"@executable_path/Frameworks",
				);
				MARKETING_VERSION = 1.0;
				PRODUCT_BUNDLE_IDENTIFIER = com.tatanstudios.NorteGo;
				PRODUCT_NAME = "$(TARGET_NAME)";
				SWIFT_EMIT_LOC_STRINGS = YES;
				SWIFT_VERSION = 5.0;
				TARGETED_DEVICE_FAMILY = "1,2";
			};
			name = Debug;
		};
		8F7CD8272C7019C400BD7410 /* Release */ = {
			isa = XCBuildConfiguration;
			buildSettings = {
				ASSETCATALOG_COMPILER_APPICON_NAME = AppIcon;
				ASSETCATALOG_COMPILER_GLOBAL_ACCENT_COLOR_NAME = AccentColor;
				CODE_SIGN_STYLE = Automatic;
				CURRENT_PROJECT_VERSION = 1;
				DEVELOPMENT_ASSET_PATHS = "\"NorteGo/Preview Content\"";
				DEVELOPMENT_TEAM = 42VSDQG6FV;
				ENABLE_PREVIEWS = YES;
				GENERATE_INFOPLIST_FILE = YES;
				INFOPLIST_KEY_UIApplicationSceneManifest_Generation = YES;
				INFOPLIST_KEY_UIApplicationSupportsIndirectInputEvents = YES;
				INFOPLIST_KEY_UILaunchScreen_Generation = YES;
				INFOPLIST_KEY_UISupportedInterfaceOrientations_iPad = "UIInterfaceOrientationPortrait UIInterfaceOrientationPortraitUpsideDown UIInterfaceOrientationLandscapeLeft UIInterfaceOrientationLandscapeRight";
				INFOPLIST_KEY_UISupportedInterfaceOrientations_iPhone = "UIInterfaceOrientationPortrait UIInterfaceOrientationLandscapeLeft UIInterfaceOrientationLandscapeRight";
				LD_RUNPATH_SEARCH_PATHS = (
					"$(inherited)",
					"@executable_path/Frameworks",
				);
				MARKETING_VERSION = 1.0;
				PRODUCT_BUNDLE_IDENTIFIER = com.tatanstudios.NorteGo;
				PRODUCT_NAME = "$(TARGET_NAME)";
				SWIFT_EMIT_LOC_STRINGS = YES;
				SWIFT_VERSION = 5.0;
				TARGETED_DEVICE_FAMILY = "1,2";
			};
			name = Release;
		};
		8F7CD8292C7019C400BD7410 /* Debug */ = {
			isa = XCBuildConfiguration;
			buildSettings = {
				ALWAYS_EMBED_SWIFT_STANDARD_LIBRARIES = YES;
				BUNDLE_LOADER = "$(TEST_HOST)";
				CODE_SIGN_STYLE = Automatic;
				CURRENT_PROJECT_VERSION = 1;
				DEVELOPMENT_TEAM = 42VSDQG6FV;
				GENERATE_INFOPLIST_FILE = YES;
				IPHONEOS_DEPLOYMENT_TARGET = 17.4;
				MARKETING_VERSION = 1.0;
				PRODUCT_BUNDLE_IDENTIFIER = com.tatanstudios.NorteGoTests;
				PRODUCT_NAME = "$(TARGET_NAME)";
				SWIFT_EMIT_LOC_STRINGS = NO;
				SWIFT_VERSION = 5.0;
				TARGETED_DEVICE_FAMILY = "1,2";
				TEST_HOST = "$(BUILT_PRODUCTS_DIR)/NorteGo.app/$(BUNDLE_EXECUTABLE_FOLDER_PATH)/NorteGo";
			};
			name = Debug;
		};
		8F7CD82A2C7019C400BD7410 /* Release */ = {
			isa = XCBuildConfiguration;
			buildSettings = {
				ALWAYS_EMBED_SWIFT_STANDARD_LIBRARIES = YES;
				BUNDLE_LOADER = "$(TEST_HOST)";
				CODE_SIGN_STYLE = Automatic;
				CURRENT_PROJECT_VERSION = 1;
				DEVELOPMENT_TEAM = 42VSDQG6FV;
				GENERATE_INFOPLIST_FILE = YES;
				IPHONEOS_DEPLOYMENT_TARGET = 17.4;
				MARKETING_VERSION = 1.0;
				PRODUCT_BUNDLE_IDENTIFIER = com.tatanstudios.NorteGoTests;
				PRODUCT_NAME = "$(TARGET_NAME)";
				SWIFT_EMIT_LOC_STRINGS = NO;
				SWIFT_VERSION = 5.0;
				TARGETED_DEVICE_FAMILY = "1,2";
				TEST_HOST = "$(BUILT_PRODUCTS_DIR)/NorteGo.app/$(BUNDLE_EXECUTABLE_FOLDER_PATH)/NorteGo";
			};
			name = Release;
		};
		8F7CD82C2C7019C400BD7410 /* Debug */ = {
			isa = XCBuildConfiguration;
			buildSettings = {
				ALWAYS_EMBED_SWIFT_STANDARD_LIBRARIES = YES;
				CODE_SIGN_STYLE = Automatic;
				CURRENT_PROJECT_VERSION = 1;
				DEVELOPMENT_TEAM = 42VSDQG6FV;
				GENERATE_INFOPLIST_FILE = YES;
				MARKETING_VERSION = 1.0;
				PRODUCT_BUNDLE_IDENTIFIER = com.tatanstudios.NorteGoUITests;
				PRODUCT_NAME = "$(TARGET_NAME)";
				SWIFT_EMIT_LOC_STRINGS = NO;
				SWIFT_VERSION = 5.0;
				TARGETED_DEVICE_FAMILY = "1,2";
				TEST_TARGET_NAME = NorteGo;
			};
			name = Debug;
		};
		8F7CD82D2C7019C400BD7410 /* Release */ = {
			isa = XCBuildConfiguration;
			buildSettings = {
				ALWAYS_EMBED_SWIFT_STANDARD_LIBRARIES = YES;
				CODE_SIGN_STYLE = Automatic;
				CURRENT_PROJECT_VERSION = 1;
				DEVELOPMENT_TEAM = 42VSDQG6FV;
				GENERATE_INFOPLIST_FILE = YES;
				MARKETING_VERSION = 1.0;
				PRODUCT_BUNDLE_IDENTIFIER = com.tatanstudios.NorteGoUITests;
				PRODUCT_NAME = "$(TARGET_NAME)";
				SWIFT_EMIT_LOC_STRINGS = NO;
				SWIFT_VERSION = 5.0;
				TARGETED_DEVICE_FAMILY = "1,2";
				TEST_TARGET_NAME = NorteGo;
			};
			name = Release;
		};
/* End XCBuildConfiguration section */

/* Begin XCConfigurationList section */
		8F7CD7FC2C7019C100BD7410 /* Build configuration list for PBXProject "NorteGo" */ = {
			isa = XCConfigurationList;
			buildConfigurations = (
				8F7CD8232C7019C400BD7410 /* Debug */,
				8F7CD8242C7019C400BD7410 /* Release */,
			);
			defaultConfigurationIsVisible = 0;
			defaultConfigurationName = Release;
		};
		8F7CD8252C7019C400BD7410 /* Build configuration list for PBXNativeTarget "NorteGo" */ = {
			isa = XCConfigurationList;
			buildConfigurations = (
				8F7CD8262C7019C400BD7410 /* Debug */,
				8F7CD8272C7019C400BD7410 /* Release */,
			);
			defaultConfigurationIsVisible = 0;
			defaultConfigurationName = Release;
		};
		8F7CD8282C7019C400BD7410 /* Build configuration list for PBXNativeTarget "NorteGoTests" */ = {
			isa = XCConfigurationList;
			buildConfigurations = (
				8F7CD8292C7019C400BD7410 /* Debug */,
				8F7CD82A2C7019C400BD7410 /* Release */,
			);
			defaultConfigurationIsVisible = 0;
			defaultConfigurationName = Release;
		};
		8F7CD82B2C7019C400BD7410 /* Build configuration list for PBXNativeTarget "NorteGoUITests" */ = {
			isa = XCConfigurationList;
			buildConfigurations = (
				8F7CD82C2C7019C400BD7410 /* Debug */,
				8F7CD82D2C7019C400BD7410 /* Release */,
			);
			defaultConfigurationIsVisible = 0;
			defaultConfigurationName = Release;
		};
/* End XCConfigurationList section */
	};
	rootObject = 8F7CD7F92C7019C100BD7410 /* Project object */;
}
